// !$*UTF8*$!
{
	archiveVersion = 1;
	classes = {
	};
	objectVersion = 50;
	objects = {

/* Begin PBXBuildFile section */
		0742B01D8374716AE7CE6D96 /* Pods_animation_test.framework in Frameworks */ = {isa = PBXBuildFile; fileRef = BB74EE7C078B7088292B09E3 /* Pods_animation_test.framework */; };
		5E1260D6231F985C003FF871 /* BasicsCollectionViewController.swift in Sources */ = {isa = PBXBuildFile; fileRef = 5E1260D5231F985C003FF871 /* BasicsCollectionViewController.swift */; };
		5E1260D8231F99EE003FF871 /* BasicsCollectionViewCell.swift in Sources */ = {isa = PBXBuildFile; fileRef = 5E1260D7231F99EE003FF871 /* BasicsCollectionViewCell.swift */; };
		5E1260DA231FA13F003FF871 /* BasicsHeaderView.swift in Sources */ = {isa = PBXBuildFile; fileRef = 5E1260D9231FA13F003FF871 /* BasicsHeaderView.swift */; };
		5E1260DC231FA14D003FF871 /* BasicsFooterView.swift in Sources */ = {isa = PBXBuildFile; fileRef = 5E1260DB231FA14D003FF871 /* BasicsFooterView.swift */; };
		5E2CC5C32334BEB400E9D90E /* UIColor.swift in Sources */ = {isa = PBXBuildFile; fileRef = 5E2CC5C22334BEB400E9D90E /* UIColor.swift */; };
		5E36B985231DFBE20026A827 /* TableViewController.swift in Sources */ = {isa = PBXBuildFile; fileRef = 5E36B984231DFBE20026A827 /* TableViewController.swift */; };
		5E4E266223272E7400A9E798 /* StretchyHeaderCollectionViewController.swift in Sources */ = {isa = PBXBuildFile; fileRef = 5E4E266123272E7400A9E798 /* StretchyHeaderCollectionViewController.swift */; };
		5E4E26642327396F00A9E798 /* ImageHeaderView.swift in Sources */ = {isa = PBXBuildFile; fileRef = 5E4E26632327396F00A9E798 /* ImageHeaderView.swift */; };
		5E4E26682327410E00A9E798 /* StretchyHeaderLayout.swift in Sources */ = {isa = PBXBuildFile; fileRef = 5E4E26672327410E00A9E798 /* StretchyHeaderLayout.swift */; };
		5E4E266A2327497500A9E798 /* LayoutViewController.swift in Sources */ = {isa = PBXBuildFile; fileRef = 5E4E26692327497500A9E798 /* LayoutViewController.swift */; };
		5E4E266C2327535300A9E798 /* WaterFallsCollectionViewController.swift in Sources */ = {isa = PBXBuildFile; fileRef = 5E4E266B2327535300A9E798 /* WaterFallsCollectionViewController.swift */; };
		5E4E266E232755C500A9E798 /* WaterFallsLayout.swift in Sources */ = {isa = PBXBuildFile; fileRef = 5E4E266D232755C500A9E798 /* WaterFallsLayout.swift */; };
		5E4E8FBB2329E3FD0071CE05 /* PresentViewViewController.swift in Sources */ = {isa = PBXBuildFile; fileRef = 5E4E8FBA2329E3FD0071CE05 /* PresentViewViewController.swift */; };
		5E5C7CB12320E91E0030553A /* CardCollectionViewController.swift in Sources */ = {isa = PBXBuildFile; fileRef = 5E5C7CB02320E91E0030553A /* CardCollectionViewController.swift */; };
		5E5C7CB32320E9B40030553A /* CardLayout.swift in Sources */ = {isa = PBXBuildFile; fileRef = 5E5C7CB22320E9B40030553A /* CardLayout.swift */; };
		5EF332462200009A008B62B9 /* AppDelegate.swift in Sources */ = {isa = PBXBuildFile; fileRef = 5EF332452200009A008B62B9 /* AppDelegate.swift */; };
		5EF3324B2200009A008B62B9 /* Main.storyboard in Resources */ = {isa = PBXBuildFile; fileRef = 5EF332492200009A008B62B9 /* Main.storyboard */; };
		5EF3324D2200009C008B62B9 /* Assets.xcassets in Resources */ = {isa = PBXBuildFile; fileRef = 5EF3324C2200009C008B62B9 /* Assets.xcassets */; };
		5EF332502200009C008B62B9 /* LaunchScreen.storyboard in Resources */ = {isa = PBXBuildFile; fileRef = 5EF3324E2200009C008B62B9 /* LaunchScreen.storyboard */; };
/* End PBXBuildFile section */

/* Begin PBXFileReference section */
		0356C7D3E9608B6465B93829 /* Pods-animation test.debug.xcconfig */ = {isa = PBXFileReference; includeInIndex = 1; lastKnownFileType = text.xcconfig; name = "Pods-animation test.debug.xcconfig"; path = "Pods/Target Support Files/Pods-animation test/Pods-animation test.debug.xcconfig"; sourceTree = "<group>"; };
		5E1260D5231F985C003FF871 /* BasicsCollectionViewController.swift */ = {isa = PBXFileReference; lastKnownFileType = sourcecode.swift; path = BasicsCollectionViewController.swift; sourceTree = "<group>"; };
		5E1260D7231F99EE003FF871 /* BasicsCollectionViewCell.swift */ = {isa = PBXFileReference; lastKnownFileType = sourcecode.swift; path = BasicsCollectionViewCell.swift; sourceTree = "<group>"; };
		5E1260D9231FA13F003FF871 /* BasicsHeaderView.swift */ = {isa = PBXFileReference; lastKnownFileType = sourcecode.swift; path = BasicsHeaderView.swift; sourceTree = "<group>"; };
		5E1260DB231FA14D003FF871 /* BasicsFooterView.swift */ = {isa = PBXFileReference; lastKnownFileType = sourcecode.swift; path = BasicsFooterView.swift; sourceTree = "<group>"; };
		5E2CC5C22334BEB400E9D90E /* UIColor.swift */ = {isa = PBXFileReference; lastKnownFileType = sourcecode.swift; path = UIColor.swift; sourceTree = "<group>"; };
		5E36B984231DFBE20026A827 /* TableViewController.swift */ = {isa = PBXFileReference; lastKnownFileType = sourcecode.swift; path = TableViewController.swift; sourceTree = "<group>"; };
		5E4E266123272E7400A9E798 /* StretchyHeaderCollectionViewController.swift */ = {isa = PBXFileReference; lastKnownFileType = sourcecode.swift; path = StretchyHeaderCollectionViewController.swift; sourceTree = "<group>"; };
		5E4E26632327396F00A9E798 /* ImageHeaderView.swift */ = {isa = PBXFileReference; lastKnownFileType = sourcecode.swift; path = ImageHeaderView.swift; sourceTree = "<group>"; };
		5E4E26672327410E00A9E798 /* StretchyHeaderLayout.swift */ = {isa = PBXFileReference; lastKnownFileType = sourcecode.swift; path = StretchyHeaderLayout.swift; sourceTree = "<group>"; };
		5E4E26692327497500A9E798 /* LayoutViewController.swift */ = {isa = PBXFileReference; lastKnownFileType = sourcecode.swift; path = LayoutViewController.swift; sourceTree = "<group>"; };
		5E4E266B2327535300A9E798 /* WaterFallsCollectionViewController.swift */ = {isa = PBXFileReference; lastKnownFileType = sourcecode.swift; path = WaterFallsCollectionViewController.swift; sourceTree = "<group>"; };
		5E4E266D232755C500A9E798 /* WaterFallsLayout.swift */ = {isa = PBXFileReference; lastKnownFileType = sourcecode.swift; path = WaterFallsLayout.swift; sourceTree = "<group>"; };
		5E4E8FBA2329E3FD0071CE05 /* PresentViewViewController.swift */ = {isa = PBXFileReference; lastKnownFileType = sourcecode.swift; path = PresentViewViewController.swift; sourceTree = "<group>"; };
		5E5C7CB02320E91E0030553A /* CardCollectionViewController.swift */ = {isa = PBXFileReference; lastKnownFileType = sourcecode.swift; path = CardCollectionViewController.swift; sourceTree = "<group>"; };
		5E5C7CB22320E9B40030553A /* CardLayout.swift */ = {isa = PBXFileReference; lastKnownFileType = sourcecode.swift; path = CardLayout.swift; sourceTree = "<group>"; };
		5EF332422200009A008B62B9 /* animation test.app */ = {isa = PBXFileReference; explicitFileType = wrapper.application; includeInIndex = 0; path = "animation test.app"; sourceTree = BUILT_PRODUCTS_DIR; };
		5EF332452200009A008B62B9 /* AppDelegate.swift */ = {isa = PBXFileReference; lastKnownFileType = sourcecode.swift; path = AppDelegate.swift; sourceTree = "<group>"; };
		5EF3324A2200009A008B62B9 /* Base */ = {isa = PBXFileReference; lastKnownFileType = file.storyboard; name = Base; path = Base.lproj/Main.storyboard; sourceTree = "<group>"; };
		5EF3324C2200009C008B62B9 /* Assets.xcassets */ = {isa = PBXFileReference; lastKnownFileType = folder.assetcatalog; path = Assets.xcassets; sourceTree = "<group>"; };
		5EF3324F2200009C008B62B9 /* Base */ = {isa = PBXFileReference; lastKnownFileType = file.storyboard; name = Base; path = Base.lproj/LaunchScreen.storyboard; sourceTree = "<group>"; };
		5EF332512200009C008B62B9 /* Info.plist */ = {isa = PBXFileReference; lastKnownFileType = text.plist.xml; path = Info.plist; sourceTree = "<group>"; };
		BB74EE7C078B7088292B09E3 /* Pods_animation_test.framework */ = {isa = PBXFileReference; explicitFileType = wrapper.framework; includeInIndex = 0; path = Pods_animation_test.framework; sourceTree = BUILT_PRODUCTS_DIR; };
		BE40E8BF1B74BF6BBAB0D1AE /* Pods-animation test.release.xcconfig */ = {isa = PBXFileReference; includeInIndex = 1; lastKnownFileType = text.xcconfig; name = "Pods-animation test.release.xcconfig"; path = "Pods/Target Support Files/Pods-animation test/Pods-animation test.release.xcconfig"; sourceTree = "<group>"; };
/* End PBXFileReference section */

/* Begin PBXFrameworksBuildPhase section */
		5EF3323F2200009A008B62B9 /* Frameworks */ = {
			isa = PBXFrameworksBuildPhase;
			buildActionMask = 2147483647;
			files = (
				0742B01D8374716AE7CE6D96 /* Pods_animation_test.framework in Frameworks */,
			);
			runOnlyForDeploymentPostprocessing = 0;
		};
/* End PBXFrameworksBuildPhase section */

/* Begin PBXGroup section */
		3C0D80242DAF2AE34705351A /* Pods */ = {
			isa = PBXGroup;
			children = (
				0356C7D3E9608B6465B93829 /* Pods-animation test.debug.xcconfig */,
				BE40E8BF1B74BF6BBAB0D1AE /* Pods-animation test.release.xcconfig */,
			);
			name = Pods;
			sourceTree = "<group>";
		};
		5E1260D3231F981F003FF871 /* Controller */ = {
			isa = PBXGroup;
			children = (
				5E36B984231DFBE20026A827 /* TableViewController.swift */,
				5E1260D5231F985C003FF871 /* BasicsCollectionViewController.swift */,
				5E5C7CB02320E91E0030553A /* CardCollectionViewController.swift */,
				5E4E266123272E7400A9E798 /* StretchyHeaderCollectionViewController.swift */,
				5E4E266B2327535300A9E798 /* WaterFallsCollectionViewController.swift */,
				5E4E8FBA2329E3FD0071CE05 /* PresentViewViewController.swift */,
			);
			path = Controller;
			sourceTree = "<group>";
		};
		5E1260D4231F9828003FF871 /* View */ = {
			isa = PBXGroup;
			children = (
				5E1260D7231F99EE003FF871 /* BasicsCollectionViewCell.swift */,
				5E1260D9231FA13F003FF871 /* BasicsHeaderView.swift */,
				5E1260DB231FA14D003FF871 /* BasicsFooterView.swift */,
				5E4E26632327396F00A9E798 /* ImageHeaderView.swift */,
				5E4E26692327497500A9E798 /* LayoutViewController.swift */,
			);
			name = View;
			path = Controller;
			sourceTree = "<group>";
		};
		5E2CC5C12334BDA200E9D90E /* Model */ = {
			isa = PBXGroup;
			children = (
				5E2CC5C22334BEB400E9D90E /* UIColor.swift */,
			);
			path = Model;
			sourceTree = "<group>";
		};
		5EA8195D232234250037AB64 /* Layout */ = {
			isa = PBXGroup;
			children = (
				5E5C7CB22320E9B40030553A /* CardLayout.swift */,
				5E4E26672327410E00A9E798 /* StretchyHeaderLayout.swift */,
				5E4E266D232755C500A9E798 /* WaterFallsLayout.swift */,
			);
			path = Layout;
			sourceTree = "<group>";
		};
		5EF332392200009A008B62B9 = {
			isa = PBXGroup;
			children = (
				5EF332442200009A008B62B9 /* animation test */,
				5EF332432200009A008B62B9 /* Products */,
				3C0D80242DAF2AE34705351A /* Pods */,
				C884A44135F9DB1A11EF571B /* Frameworks */,
			);
			sourceTree = "<group>";
		};
		5EF332432200009A008B62B9 /* Products */ = {
			isa = PBXGroup;
			children = (
				5EF332422200009A008B62B9 /* animation test.app */,
			);
			name = Products;
			sourceTree = "<group>";
		};
		5EF332442200009A008B62B9 /* animation test */ = {
			isa = PBXGroup;
			children = (
				5EF332452200009A008B62B9 /* AppDelegate.swift */,
				5EF332492200009A008B62B9 /* Main.storyboard */,
				5E2CC5C12334BDA200E9D90E /* Model */,
				5EA8195D232234250037AB64 /* Layout */,
				5E1260D4231F9828003FF871 /* View */,
				5E1260D3231F981F003FF871 /* Controller */,
				5EF3324C2200009C008B62B9 /* Assets.xcassets */,
				5EF3324E2200009C008B62B9 /* LaunchScreen.storyboard */,
				5EF332512200009C008B62B9 /* Info.plist */,
			);
			path = "animation test";
			sourceTree = "<group>";
		};
		C884A44135F9DB1A11EF571B /* Frameworks */ = {
			isa = PBXGroup;
			children = (
				BB74EE7C078B7088292B09E3 /* Pods_animation_test.framework */,
			);
			name = Frameworks;
			sourceTree = "<group>";
		};
/* End PBXGroup section */

/* Begin PBXNativeTarget section */
		5EF332412200009A008B62B9 /* animation test */ = {
			isa = PBXNativeTarget;
			buildConfigurationList = 5EF332542200009C008B62B9 /* Build configuration list for PBXNativeTarget "animation test" */;
			buildPhases = (
				0E16307C49CD5B3A077D02F2 /* [CP] Check Pods Manifest.lock */,
				5EF3323E2200009A008B62B9 /* Sources */,
				5EF3323F2200009A008B62B9 /* Frameworks */,
				5EF332402200009A008B62B9 /* Resources */,
				ABBC862E3C075C406422562B /* [CP] Embed Pods Frameworks */,
			);
			buildRules = (
			);
			dependencies = (
			);
			name = "animation test";
			productName = "animation test";
			productReference = 5EF332422200009A008B62B9 /* animation test.app */;
			productType = "com.apple.product-type.application";
		};
/* End PBXNativeTarget section */

/* Begin PBXProject section */
		5EF3323A2200009A008B62B9 /* Project object */ = {
			isa = PBXProject;
			attributes = {
				LastSwiftUpdateCheck = 1010;
				LastUpgradeCheck = 1010;
				ORGANIZATIONNAME = "chelsea lin";
				TargetAttributes = {
					5EF332412200009A008B62B9 = {
						CreatedOnToolsVersion = 10.1;
					};
				};
			};
			buildConfigurationList = 5EF3323D2200009A008B62B9 /* Build configuration list for PBXProject "animation test" */;
			compatibilityVersion = "Xcode 9.3";
			developmentRegion = en;
			hasScannedForEncodings = 0;
			knownRegions = (
				en,
				Base,
			);
			mainGroup = 5EF332392200009A008B62B9;
			productRefGroup = 5EF332432200009A008B62B9 /* Products */;
			projectDirPath = "";
			projectRoot = "";
			targets = (
				5EF332412200009A008B62B9 /* animation test */,
			);
		};
/* End PBXProject section */

/* Begin PBXResourcesBuildPhase section */
		5EF332402200009A008B62B9 /* Resources */ = {
			isa = PBXResourcesBuildPhase;
			buildActionMask = 2147483647;
			files = (
				5EF332502200009C008B62B9 /* LaunchScreen.storyboard in Resources */,
				5EF3324D2200009C008B62B9 /* Assets.xcassets in Resources */,
				5EF3324B2200009A008B62B9 /* Main.storyboard in Resources */,
			);
			runOnlyForDeploymentPostprocessing = 0;
		};
/* End PBXResourcesBuildPhase section */

/* Begin PBXShellScriptBuildPhase section */
		0E16307C49CD5B3A077D02F2 /* [CP] Check Pods Manifest.lock */ = {
			isa = PBXShellScriptBuildPhase;
			buildActionMask = 2147483647;
			files = (
			);
			inputFileListPaths = (
			);
			inputPaths = (
				"${PODS_PODFILE_DIR_PATH}/Podfile.lock",
				"${PODS_ROOT}/Manifest.lock",
			);
			name = "[CP] Check Pods Manifest.lock";
			outputFileListPaths = (
			);
			outputPaths = (
				"$(DERIVED_FILE_DIR)/Pods-animation test-checkManifestLockResult.txt",
			);
			runOnlyForDeploymentPostprocessing = 0;
			shellPath = /bin/sh;
			shellScript = "diff \"${PODS_PODFILE_DIR_PATH}/Podfile.lock\" \"${PODS_ROOT}/Manifest.lock\" > /dev/null\nif [ $? != 0 ] ; then\n    # print error to STDERR\n    echo \"error: The sandbox is not in sync with the Podfile.lock. Run 'pod install' or update your CocoaPods installation.\" >&2\n    exit 1\nfi\n# This output is used by Xcode 'outputs' to avoid re-running this script phase.\necho \"SUCCESS\" > \"${SCRIPT_OUTPUT_FILE_0}\"\n";
			showEnvVarsInLog = 0;
		};
		ABBC862E3C075C406422562B /* [CP] Embed Pods Frameworks */ = {
			isa = PBXShellScriptBuildPhase;
			buildActionMask = 2147483647;
			files = (
			);
			inputFileListPaths = (
			);
			inputPaths = (
				"${SRCROOT}/Pods/Target Support Files/Pods-animation test/Pods-animation test-frameworks.sh",
				"${BUILT_PRODUCTS_DIR}/NVActivityIndicatorView/NVActivityIndicatorView.framework",
			);
			name = "[CP] Embed Pods Frameworks";
			outputFileListPaths = (
			);
			outputPaths = (
				"${TARGET_BUILD_DIR}/${FRAMEWORKS_FOLDER_PATH}/NVActivityIndicatorView.framework",
			);
			runOnlyForDeploymentPostprocessing = 0;
			shellPath = /bin/sh;
			shellScript = "\"${SRCROOT}/Pods/Target Support Files/Pods-animation test/Pods-animation test-frameworks.sh\"\n";
			showEnvVarsInLog = 0;
		};
/* End PBXShellScriptBuildPhase section */

/* Begin PBXSourcesBuildPhase section */
		5EF3323E2200009A008B62B9 /* Sources */ = {
			isa = PBXSourcesBuildPhase;
			buildActionMask = 2147483647;
			files = (
				5E4E26682327410E00A9E798 /* StretchyHeaderLayout.swift in Sources */,
				5E5C7CB12320E91E0030553A /* CardCollectionViewController.swift in Sources */,
				5E1260DC231FA14D003FF871 /* BasicsFooterView.swift in Sources */,
				5E36B985231DFBE20026A827 /* TableViewController.swift in Sources */,
				5E4E26642327396F00A9E798 /* ImageHeaderView.swift in Sources */,
				5E2CC5C32334BEB400E9D90E /* UIColor.swift in Sources */,
				5E5C7CB32320E9B40030553A /* CardLayout.swift in Sources */,
				5E4E266C2327535300A9E798 /* WaterFallsCollectionViewController.swift in Sources */,
				5E1260DA231FA13F003FF871 /* BasicsHeaderView.swift in Sources */,
				5E1260D8231F99EE003FF871 /* BasicsCollectionViewCell.swift in Sources */,
				5EF332462200009A008B62B9 /* AppDelegate.swift in Sources */,
				5E4E266E232755C500A9E798 /* WaterFallsLayout.swift in Sources */,
				5E1260D6231F985C003FF871 /* BasicsCollectionViewController.swift in Sources */,
				5E4E266A2327497500A9E798 /* LayoutViewController.swift in Sources */,
				5E4E8FBB2329E3FD0071CE05 /* PresentViewViewController.swift in Sources */,
				5E4E266223272E7400A9E798 /* StretchyHeaderCollectionViewController.swift in Sources */,
			);
			runOnlyForDeploymentPostprocessing = 0;
		};
/* End PBXSourcesBuildPhase section */

/* Begin PBXVariantGroup section */
		5EF332492200009A008B62B9 /* Main.storyboard */ = {
			isa = PBXVariantGroup;
			children = (
				5EF3324A2200009A008B62B9 /* Base */,
			);
			name = Main.storyboard;
			sourceTree = "<group>";
		};
		5EF3324E2200009C008B62B9 /* LaunchScreen.storyboard */ = {
			isa = PBXVariantGroup;
			children = (
				5EF3324F2200009C008B62B9 /* Base */,
			);
			name = LaunchScreen.storyboard;
			sourceTree = "<group>";
		};
/* End PBXVariantGroup section */

/* Begin XCBuildConfiguration section */
		5EF332522200009C008B62B9 /* Debug */ = {
			isa = XCBuildConfiguration;
			buildSettings = {
				ALWAYS_SEARCH_USER_PATHS = NO;
				CLANG_ANALYZER_NONNULL = YES;
				CLANG_ANALYZER_NUMBER_OBJECT_CONVERSION = YES_AGGRESSIVE;
				CLANG_CXX_LANGUAGE_STANDARD = "gnu++14";
				CLANG_CXX_LIBRARY = "libc++";
				CLANG_ENABLE_MODULES = YES;
				CLANG_ENABLE_OBJC_ARC = YES;
				CLANG_ENABLE_OBJC_WEAK = YES;
				CLANG_WARN_BLOCK_CAPTURE_AUTORELEASING = YES;
				CLANG_WARN_BOOL_CONVERSION = YES;
				CLANG_WARN_COMMA = YES;
				CLANG_WARN_CONSTANT_CONVERSION = YES;
				CLANG_WARN_DEPRECATED_OBJC_IMPLEMENTATIONS = YES;
				CLANG_WARN_DIRECT_OBJC_ISA_USAGE = YES_ERROR;
				CLANG_WARN_DOCUMENTATION_COMMENTS = YES;
				CLANG_WARN_EMPTY_BODY = YES;
				CLANG_WARN_ENUM_CONVERSION = YES;
				CLANG_WARN_INFINITE_RECURSION = YES;
				CLANG_WARN_INT_CONVERSION = YES;
				CLANG_WARN_NON_LITERAL_NULL_CONVERSION = YES;
				CLANG_WARN_OBJC_IMPLICIT_RETAIN_SELF = YES;
				CLANG_WARN_OBJC_LITERAL_CONVERSION = YES;
				CLANG_WARN_OBJC_ROOT_CLASS = YES_ERROR;
				CLANG_WARN_RANGE_LOOP_ANALYSIS = YES;
				CLANG_WARN_STRICT_PROTOTYPES = YES;
				CLANG_WARN_SUSPICIOUS_MOVE = YES;
				CLANG_WARN_UNGUARDED_AVAILABILITY = YES_AGGRESSIVE;
				CLANG_WARN_UNREACHABLE_CODE = YES;
				CLANG_WARN__DUPLICATE_METHOD_MATCH = YES;
				CODE_SIGN_IDENTITY = "iPhone Developer";
				COPY_PHASE_STRIP = NO;
				DEBUG_INFORMATION_FORMAT = dwarf;
				ENABLE_STRICT_OBJC_MSGSEND = YES;
				ENABLE_TESTABILITY = YES;
				GCC_C_LANGUAGE_STANDARD = gnu11;
				GCC_DYNAMIC_NO_PIC = NO;
				GCC_NO_COMMON_BLOCKS = YES;
				GCC_OPTIMIZATION_LEVEL = 0;
				GCC_PREPROCESSOR_DEFINITIONS = (
					"DEBUG=1",
					"$(inherited)",
				);
				GCC_WARN_64_TO_32_BIT_CONVERSION = YES;
				GCC_WARN_ABOUT_RETURN_TYPE = YES_ERROR;
				GCC_WARN_UNDECLARED_SELECTOR = YES;
				GCC_WARN_UNINITIALIZED_AUTOS = YES_AGGRESSIVE;
				GCC_WARN_UNUSED_FUNCTION = YES;
				GCC_WARN_UNUSED_VARIABLE = YES;
				IPHONEOS_DEPLOYMENT_TARGET = 12.1;
				MTL_ENABLE_DEBUG_INFO = INCLUDE_SOURCE;
				MTL_FAST_MATH = YES;
				ONLY_ACTIVE_ARCH = YES;
				SDKROOT = iphoneos;
				SWIFT_ACTIVE_COMPILATION_CONDITIONS = DEBUG;
				SWIFT_OPTIMIZATION_LEVEL = "-Onone";
			};
			name = Debug;
		};
		5EF332532200009C008B62B9 /* Release */ = {
			isa = XCBuildConfiguration;
			buildSettings = {
				ALWAYS_SEARCH_USER_PATHS = NO;
				CLANG_ANALYZER_NONNULL = YES;
				CLANG_ANALYZER_NUMBER_OBJECT_CONVERSION = YES_AGGRESSIVE;
				CLANG_CXX_LANGUAGE_STANDARD = "gnu++14";
				CLANG_CXX_LIBRARY = "libc++";
				CLANG_ENABLE_MODULES = YES;
				CLANG_ENABLE_OBJC_ARC = YES;
				CLANG_ENABLE_OBJC_WEAK = YES;
				CLANG_WARN_BLOCK_CAPTURE_AUTORELEASING = YES;
				CLANG_WARN_BOOL_CONVERSION = YES;
				CLANG_WARN_COMMA = YES;
				CLANG_WARN_CONSTANT_CONVERSION = YES;
				CLANG_WARN_DEPRECATED_OBJC_IMPLEMENTATIONS = YES;
				CLANG_WARN_DIRECT_OBJC_ISA_USAGE = YES_ERROR;
				CLANG_WARN_DOCUMENTATION_COMMENTS = YES;
				CLANG_WARN_EMPTY_BODY = YES;
				CLANG_WARN_ENUM_CONVERSION = YES;
				CLANG_WARN_INFINITE_RECURSION = YES;
				CLANG_WARN_INT_CONVERSION = YES;
				CLANG_WARN_NON_LITERAL_NULL_CONVERSION = YES;
				CLANG_WARN_OBJC_IMPLICIT_RETAIN_SELF = YES;
				CLANG_WARN_OBJC_LITERAL_CONVERSION = YES;
				CLANG_WARN_OBJC_ROOT_CLASS = YES_ERROR;
				CLANG_WARN_RANGE_LOOP_ANALYSIS = YES;
				CLANG_WARN_STRICT_PROTOTYPES = YES;
				CLANG_WARN_SUSPICIOUS_MOVE = YES;
				CLANG_WARN_UNGUARDED_AVAILABILITY = YES_AGGRESSIVE;
				CLANG_WARN_UNREACHABLE_CODE = YES;
				CLANG_WARN__DUPLICATE_METHOD_MATCH = YES;
				CODE_SIGN_IDENTITY = "iPhone Developer";
				COPY_PHASE_STRIP = NO;
				DEBUG_INFORMATION_FORMAT = "dwarf-with-dsym";
				ENABLE_NS_ASSERTIONS = NO;
				ENABLE_STRICT_OBJC_MSGSEND = YES;
				GCC_C_LANGUAGE_STANDARD = gnu11;
				GCC_NO_COMMON_BLOCKS = YES;
				GCC_WARN_64_TO_32_BIT_CONVERSION = YES;
				GCC_WARN_ABOUT_RETURN_TYPE = YES_ERROR;
				GCC_WARN_UNDECLARED_SELECTOR = YES;
				GCC_WARN_UNINITIALIZED_AUTOS = YES_AGGRESSIVE;
				GCC_WARN_UNUSED_FUNCTION = YES;
				GCC_WARN_UNUSED_VARIABLE = YES;
				IPHONEOS_DEPLOYMENT_TARGET = 12.1;
				MTL_ENABLE_DEBUG_INFO = NO;
				MTL_FAST_MATH = YES;
				SDKROOT = iphoneos;
				SWIFT_COMPILATION_MODE = wholemodule;
				SWIFT_OPTIMIZATION_LEVEL = "-O";
				VALIDATE_PRODUCT = YES;
			};
			name = Release;
		};
		5EF332552200009C008B62B9 /* Debug */ = {
			isa = XCBuildConfiguration;
			baseConfigurationReference = 0356C7D3E9608B6465B93829 /* Pods-animation test.debug.xcconfig */;
			buildSettings = {
				ASSETCATALOG_COMPILER_APPICON_NAME = AppIcon;
				CODE_SIGN_STYLE = Automatic;
				DEVELOPMENT_TEAM = CFLS7NTRUY;
				INFOPLIST_FILE = "animation test/Info.plist";
				LD_RUNPATH_SEARCH_PATHS = (
					"$(inherited)",
					"@executable_path/Frameworks",
				);
				PRODUCT_BUNDLE_IDENTIFIER = "com.chelsealin88.animation-test";
				PRODUCT_NAME = "$(TARGET_NAME)";
				SWIFT_VERSION = 4.2;
				TARGETED_DEVICE_FAMILY = "1,2";
			};
			name = Debug;
		};
		5EF332562200009C008B62B9 /* Release */ = {
			isa = XCBuildConfiguration;
			baseConfigurationReference = BE40E8BF1B74BF6BBAB0D1AE /* Pods-animation test.release.xcconfig */;
			buildSettings = {
				ASSETCATALOG_COMPILER_APPICON_NAME = AppIcon;
				CODE_SIGN_STYLE = Automatic;
				DEVELOPMENT_TEAM = CFLS7NTRUY;
				INFOPLIST_FILE = "animation test/Info.plist";
				LD_RUNPATH_SEARCH_PATHS = (
					"$(inherited)",
					"@executable_path/Frameworks",
				);
				PRODUCT_BUNDLE_IDENTIFIER = "com.chelsealin88.animation-test";
				PRODUCT_NAME = "$(TARGET_NAME)";
				SWIFT_VERSION = 4.2;
				TARGETED_DEVICE_FAMILY = "1,2";
			};
			name = Release;
		};
/* End XCBuildConfiguration section */

/* Begin XCConfigurationList section */
		5EF3323D2200009A008B62B9 /* Build configuration list for PBXProject "animation test" */ = {
			isa = XCConfigurationList;
			buildConfigurations = (
				5EF332522200009C008B62B9 /* Debug */,
				5EF332532200009C008B62B9 /* Release */,
			);
			defaultConfigurationIsVisible = 0;
			defaultConfigurationName = Release;
		};
		5EF332542200009C008B62B9 /* Build configuration list for PBXNativeTarget "animation test" */ = {
			isa = XCConfigurationList;
			buildConfigurations = (
				5EF332552200009C008B62B9 /* Debug */,
				5EF332562200009C008B62B9 /* Release */,
			);
			defaultConfigurationIsVisible = 0;
			defaultConfigurationName = Release;
		};
/* End XCConfigurationList section */
	};
	rootObject = 5EF3323A2200009A008B62B9 /* Project object */;
}
